
Microsoft Visual Studio Solution File, Format Version 12.00
# Visual Studio Version 17
VisualStudioVersion = 17.5.002.0
MinimumVisualStudioVersion = 10.0.40219.1
Project("{9A19103F-16F7-4668-BE54-9A1E7A4F7556}") = "Inheritance4", "Inheritance4.csproj", "{FD115D81-9511-40AE-AFAB-D2929B1DC310}"
EndProject
Global
	GlobalSection(SolutionConfigurationPlatforms) = preSolution
		Debug|Any CPU = Debug|Any CPU
		Release|Any CPU = Release|Any CPU
	EndGlobalSection
	GlobalSection(ProjectConfigurationPlatforms) = postSolution
		{FD115D81-9511-40AE-AFAB-D2929B1DC310}.Debug|Any CPU.ActiveCfg = Debug|Any CPU
		{FD115D81-9511-40AE-AFAB-D2929B1DC310}.Debug|Any CPU.Build.0 = Debug|Any CPU
		{FD115D81-9511-40AE-AFAB-D2929B1DC310}.Release|Any CPU.ActiveCfg = Release|Any CPU
		{FD115D81-9511-40AE-AFAB-D2929B1DC310}.Release|Any CPU.Build.0 = Release|Any CPU
	EndGlobalSection
	GlobalSection(SolutionProperties) = preSolution
		HideSolutionNode = FALSE
	EndGlobalSection
	GlobalSection(ExtensibilityGlobals) = postSolution
		SolutionGuid = {E2A5C48E-7AAC-440D-B7E9-CEB3E5B28BC5}
	EndGlobalSection
EndGlobal
